
Microsoft Visual Studio Solution File, Format Version 12.00
# Visual Studio 15
VisualStudioVersion = 15.0.28010.0
MinimumVisualStudioVersion = 10.0.40219.1
Project("{FAE04EC0-301F-11D3-BF4B-00C04F79EFBC}") = "PursueBank.Web", "PursueBank.Web\PursueBank.Web.csproj", "{5F4D95EC-4B59-4902-8F29-725C3FAC697D}"
EndProject
Project("{FAE04EC0-301F-11D3-BF4B-00C04F79EFBC}") = "PursueBank.Core", "PursueBank.Core\PursueBank.Core.csproj", "{C0EA8005-1480-4121-9DD3-B3869AEC1A13}"
EndProject
Project("{FAE04EC0-301F-11D3-BF4B-00C04F79EFBC}") = "PursueBank.Business", "PursueBank.Business\PursueBank.Business.csproj", "{ABD0BFBC-5479-407B-9ECC-19CB14158D7C}"
EndProject
Project("{FAE04EC0-301F-11D3-BF4B-00C04F79EFBC}") = "PursueBank.Data", "PursueBank.Data\PursueBank.Data.csproj", "{06CD9777-6FDE-4242-8E94-E0BC5AEF38BC}"
EndProject
Project("{FAE04EC0-301F-11D3-BF4B-00C04F79EFBC}") = "PursueBank.Api", "PursueBank.Api\PursueBank.Api.csproj", "{5F077119-E90E-47D9-A154-EED18BE91FF9}"
EndProject
Global
	GlobalSection(SolutionConfigurationPlatforms) = preSolution
		Debug|Any CPU = Debug|Any CPU
		Release|Any CPU = Release|Any CPU
	EndGlobalSection
	GlobalSection(ProjectConfigurationPlatforms) = postSolution
		{5F4D95EC-4B59-4902-8F29-725C3FAC697D}.Debug|Any CPU.ActiveCfg = Debug|Any CPU
		{5F4D95EC-4B59-4902-8F29-725C3FAC697D}.Debug|Any CPU.Build.0 = Debug|Any CPU
		{5F4D95EC-4B59-4902-8F29-725C3FAC697D}.Release|Any CPU.ActiveCfg = Release|Any CPU
		{5F4D95EC-4B59-4902-8F29-725C3FAC697D}.Release|Any CPU.Build.0 = Release|Any CPU
		{C0EA8005-1480-4121-9DD3-B3869AEC1A13}.Debug|Any CPU.ActiveCfg = Debug|Any CPU
		{C0EA8005-1480-4121-9DD3-B3869AEC1A13}.Debug|Any CPU.Build.0 = Debug|Any CPU
		{C0EA8005-1480-4121-9DD3-B3869AEC1A13}.Release|Any CPU.ActiveCfg = Release|Any CPU
		{C0EA8005-1480-4121-9DD3-B3869AEC1A13}.Release|Any CPU.Build.0 = Release|Any CPU
		{ABD0BFBC-5479-407B-9ECC-19CB14158D7C}.Debug|Any CPU.ActiveCfg = Debug|Any CPU
		{ABD0BFBC-5479-407B-9ECC-19CB14158D7C}.Debug|Any CPU.Build.0 = Debug|Any CPU
		{ABD0BFBC-5479-407B-9ECC-19CB14158D7C}.Release|Any CPU.ActiveCfg = Release|Any CPU
		{ABD0BFBC-5479-407B-9ECC-19CB14158D7C}.Release|Any CPU.Build.0 = Release|Any CPU
		{06CD9777-6FDE-4242-8E94-E0BC5AEF38BC}.Debug|Any CPU.ActiveCfg = Debug|Any CPU
		{06CD9777-6FDE-4242-8E94-E0BC5AEF38BC}.Debug|Any CPU.Build.0 = Debug|Any CPU
		{06CD9777-6FDE-4242-8E94-E0BC5AEF38BC}.Release|Any CPU.ActiveCfg = Release|Any CPU
		{06CD9777-6FDE-4242-8E94-E0BC5AEF38BC}.Release|Any CPU.Build.0 = Release|Any CPU
		{5F077119-E90E-47D9-A154-EED18BE91FF9}.Debug|Any CPU.ActiveCfg = Debug|Any CPU
		{5F077119-E90E-47D9-A154-EED18BE91FF9}.Debug|Any CPU.Build.0 = Debug|Any CPU
		{5F077119-E90E-47D9-A154-EED18BE91FF9}.Release|Any CPU.ActiveCfg = Release|Any CPU
		{5F077119-E90E-47D9-A154-EED18BE91FF9}.Release|Any CPU.Build.0 = Release|Any CPU
	EndGlobalSection
	GlobalSection(SolutionProperties) = preSolution
		HideSolutionNode = FALSE
	EndGlobalSection
	GlobalSection(ExtensibilityGlobals) = postSolution
		SolutionGuid = {79B21F4B-C8D4-400D-9887-032B4D1CD803}
	EndGlobalSection
EndGlobal
